
Microsoft Visual Studio Solution File, Format Version 12.00
# Visual Studio Version 17
VisualStudioVersion = 17.7.34031.279
MinimumVisualStudioVersion = 10.0.40219.1
Project("{FAE04EC0-301F-11D3-BF4B-00C04F79EFBC}") = "WCF_ES_CN", "WCF_ES_CN.csproj", "{252602A1-7C8F-4F46-9B33-51824EB331F7}"
EndProject
Project("{FAE04EC0-301F-11D3-BF4B-00C04F79EFBC}") = "ESCN_Forms", "..\ESCN_Forms\ESCN_Forms.csproj", "{12019324-3F8D-4796-A78E-7CA9471C83C2}"
	ProjectSection(ProjectDependencies) = postProject
		{252602A1-7C8F-4F46-9B33-51824EB331F7} = {252602A1-7C8F-4F46-9B33-51824EB331F7}
	EndProjectSection
EndProject
Global
	GlobalSection(SolutionConfigurationPlatforms) = preSolution
		Debug|Any CPU = Debug|Any CPU
		Release|Any CPU = Release|Any CPU
	EndGlobalSection
	GlobalSection(ProjectConfigurationPlatforms) = postSolution
		{252602A1-7C8F-4F46-9B33-51824EB331F7}.Debug|Any CPU.ActiveCfg = Debug|Any CPU
		{252602A1-7C8F-4F46-9B33-51824EB331F7}.Debug|Any CPU.Build.0 = Debug|Any CPU
		{252602A1-7C8F-4F46-9B33-51824EB331F7}.Release|Any CPU.ActiveCfg = Release|Any CPU
		{252602A1-7C8F-4F46-9B33-51824EB331F7}.Release|Any CPU.Build.0 = Release|Any CPU
		{12019324-3F8D-4796-A78E-7CA9471C83C2}.Debug|Any CPU.ActiveCfg = Debug|Any CPU
		{12019324-3F8D-4796-A78E-7CA9471C83C2}.Debug|Any CPU.Build.0 = Debug|Any CPU
		{12019324-3F8D-4796-A78E-7CA9471C83C2}.Release|Any CPU.ActiveCfg = Release|Any CPU
		{12019324-3F8D-4796-A78E-7CA9471C83C2}.Release|Any CPU.Build.0 = Release|Any CPU
	EndGlobalSection
	GlobalSection(SolutionProperties) = preSolution
		HideSolutionNode = FALSE
	EndGlobalSection
	GlobalSection(ExtensibilityGlobals) = postSolution
		SolutionGuid = {26470932-B4DA-437E-B0FD-7405B5590E9B}
	EndGlobalSection
EndGlobal
